
Microsoft Visual Studio Solution File, Format Version 11.00
# Visual Studio 2010
Project("{FAE04EC0-301F-11D3-BF4B-00C04F79EFBC}") = "Doodle", "Doodle\Doodle.csproj", "{936CBC9D-FD96-430B-9FBF-88B3D03E5099}"
EndProject
Global
	GlobalSection(SolutionConfigurationPlatforms) = preSolution
		Debug|Any CPU = Debug|Any CPU
		Release|Any CPU = Release|Any CPU
	EndGlobalSection
	GlobalSection(ProjectConfigurationPlatforms) = postSolution
		{936CBC9D-FD96-430B-9FBF-88B3D03E5099}.Debug|Any CPU.ActiveCfg = Debug|Any CPU
		{936CBC9D-FD96-430B-9FBF-88B3D03E5099}.Debug|Any CPU.Build.0 = Debug|Any CPU
		{936CBC9D-FD96-430B-9FBF-88B3D03E5099}.Release|Any CPU.ActiveCfg = Release|Any CPU
		{936CBC9D-FD96-430B-9FBF-88B3D03E5099}.Release|Any CPU.Build.0 = Release|Any CPU
	EndGlobalSection
	GlobalSection(SolutionProperties) = preSolution
		HideSolutionNode = FALSE
	EndGlobalSection
EndGlobal
